
Microsoft Visual Studio Solution File, Format Version 12.00
# Visual Studio Version 17
VisualStudioVersion = 17.2.32526.322
MinimumVisualStudioVersion = 10.0.40219.1
Project("{FAE04EC0-301F-11D3-BF4B-00C04F79EFBC}") = "SearchHits-Voyado", "SearchHits-Voyado\SearchHits-Voyado.csproj", "{7DF9BE0C-F32C-4EC3-8D21-65B70A5BDDE7}"
EndProject
Global
	GlobalSection(SolutionConfigurationPlatforms) = preSolution
		Debug|Any CPU = Debug|Any CPU
		Release|Any CPU = Release|Any CPU
	EndGlobalSection
	GlobalSection(ProjectConfigurationPlatforms) = postSolution
		{7DF9BE0C-F32C-4EC3-8D21-65B70A5BDDE7}.Debug|Any CPU.ActiveCfg = Debug|Any CPU
		{7DF9BE0C-F32C-4EC3-8D21-65B70A5BDDE7}.Debug|Any CPU.Build.0 = Debug|Any CPU
		{7DF9BE0C-F32C-4EC3-8D21-65B70A5BDDE7}.Release|Any CPU.ActiveCfg = Release|Any CPU
		{7DF9BE0C-F32C-4EC3-8D21-65B70A5BDDE7}.Release|Any CPU.Build.0 = Release|Any CPU
	EndGlobalSection
	GlobalSection(SolutionProperties) = preSolution
		HideSolutionNode = FALSE
	EndGlobalSection
	GlobalSection(ExtensibilityGlobals) = postSolution
		SolutionGuid = {4A6784ED-51B6-4B99-993C-451F0F3FDFC0}
	EndGlobalSection
EndGlobal
